{
  "requires": true,
  "lockfileVersion": 1,
  "dependencies": {
    "webp-converter": {
      "version": "2.3.1",
      "resolved": "https://registry.npmjs.org/webp-converter/-/webp-converter-2.3.1.tgz",
      "integrity": "sha512-9Ql646Ha9+WiwtE1gGL3UlW+lQNscVXVoyQdThqpgSoi0WfyuqhParlbu5iOHFYWUimTYCOIwVYBZcDMAJfQ8A=="
    }
  }
}
